{
  "name": "testing-vscode",
  "version": "1.0.0",
  "lockfileVersion": 3,
  "requires": true,
  "packages": {
    "": {
      "name": "testing-vscode",
      "version": "1.0.0",
      "dependencies": {
        "@digitalservicebund/kern-ux-tailwind-theme": "github:digitalservicebund/kern-ux-tailwind-theme",
        "@kern-ux/native": "^2.4.0"
      },
      "devDependencies": {
        "tailwindcss": "^4.2.1"
      }
    },
    "node_modules/@digitalservicebund/kern-ux-tailwind-theme": {
      "version": "0.0.0-development",
      "resolved": "git+ssh://git@github.com/digitalservicebund/kern-ux-tailwind-theme.git#880d7b3318a07dfcad87bf602737066c357615fb",
      "license": "MIT",
      "peerDependencies": {
        "@kern-ux/native": "^2.4.0",
        "tailwindcss": "^4.1.12"
      }
    },
    "node_modules/@kern-ux/native": {
      "version": "2.4.0",
      "resolved": "https://registry.npmjs.org/@kern-ux/native/-/native-2.4.0.tgz",
      "integrity": "sha512-wZRRWidk7ZocPCB/2kXlFfOUyIsTQHXSqHSUlzbICorUkZ+9krrNZKLbuftUwv1Y/WUJSKHm0C4Gyzjka8YQtA==",
      "license": "EUPL-1.2"
    },
    "node_modules/tailwindcss": {
      "version": "4.2.1",
      "resolved": "https://registry.npmjs.org/tailwindcss/-/tailwindcss-4.2.1.tgz",
      "integrity": "sha512-/tBrSQ36vCleJkAOsy9kbNTgaxvGbyOamC30PRePTQe/o1MFwEKHQk4Cn7BNGaPtjp+PuUrByJehM1hgxfq4sw==",
      "license": "MIT"
    }
  }
}
